
Microsoft Visual Studio Solution File, Format Version 12.00
# Visual Studio 15
VisualStudioVersion = 15.0.28307.1525
MinimumVisualStudioVersion = 10.0.40219.1
Project("{FAE04EC0-301F-11D3-BF4B-00C04F79EFBC}") = "Banking_System", "Banking_System\Banking_System.csproj", "{696197BF-D9A2-4FC7-AAA7-04B2A703892E}"
EndProject
Project("{FAE04EC0-301F-11D3-BF4B-00C04F79EFBC}") = "BankingSystemMainMethod", "BankingSystemMainMethod\BankingSystemMainMethod.csproj", "{E0CFFFC8-D61D-4316-8F99-496AACD8317A}"
EndProject
Global
	GlobalSection(SolutionConfigurationPlatforms) = preSolution
		Debug|Any CPU = Debug|Any CPU
		Release|Any CPU = Release|Any CPU
	EndGlobalSection
	GlobalSection(ProjectConfigurationPlatforms) = postSolution
		{696197BF-D9A2-4FC7-AAA7-04B2A703892E}.Debug|Any CPU.ActiveCfg = Debug|Any CPU
		{696197BF-D9A2-4FC7-AAA7-04B2A703892E}.Debug|Any CPU.Build.0 = Debug|Any CPU
		{696197BF-D9A2-4FC7-AAA7-04B2A703892E}.Release|Any CPU.ActiveCfg = Release|Any CPU
		{696197BF-D9A2-4FC7-AAA7-04B2A703892E}.Release|Any CPU.Build.0 = Release|Any CPU
		{E0CFFFC8-D61D-4316-8F99-496AACD8317A}.Debug|Any CPU.ActiveCfg = Debug|Any CPU
		{E0CFFFC8-D61D-4316-8F99-496AACD8317A}.Debug|Any CPU.Build.0 = Debug|Any CPU
		{E0CFFFC8-D61D-4316-8F99-496AACD8317A}.Release|Any CPU.ActiveCfg = Release|Any CPU
		{E0CFFFC8-D61D-4316-8F99-496AACD8317A}.Release|Any CPU.Build.0 = Release|Any CPU
	EndGlobalSection
	GlobalSection(SolutionProperties) = preSolution
		HideSolutionNode = FALSE
	EndGlobalSection
	GlobalSection(ExtensibilityGlobals) = postSolution
		SolutionGuid = {A6BB4739-14A2-4945-9C0E-50D90C5E2042}
	EndGlobalSection
EndGlobal
